
Microsoft Visual Studio Solution File, Format Version 12.00
# Visual Studio Version 17
VisualStudioVersion = 17.6.33801.468
MinimumVisualStudioVersion = 10.0.40219.1
Project("{FAE04EC0-301F-11D3-BF4B-00C04F79EFBC}") = "GGStores", "GGStores\GGStores.csproj", "{065C4E78-7560-4AA9-83A6-0CA4D62FDB12}"
EndProject
Global
	GlobalSection(SolutionConfigurationPlatforms) = preSolution
		Debug|Any CPU = Debug|Any CPU
		Release|Any CPU = Release|Any CPU
	EndGlobalSection
	GlobalSection(ProjectConfigurationPlatforms) = postSolution
		{065C4E78-7560-4AA9-83A6-0CA4D62FDB12}.Debug|Any CPU.ActiveCfg = Debug|Any CPU
		{065C4E78-7560-4AA9-83A6-0CA4D62FDB12}.Debug|Any CPU.Build.0 = Debug|Any CPU
		{065C4E78-7560-4AA9-83A6-0CA4D62FDB12}.Release|Any CPU.ActiveCfg = Release|Any CPU
		{065C4E78-7560-4AA9-83A6-0CA4D62FDB12}.Release|Any CPU.Build.0 = Release|Any CPU
	EndGlobalSection
	GlobalSection(SolutionProperties) = preSolution
		HideSolutionNode = FALSE
	EndGlobalSection
	GlobalSection(ExtensibilityGlobals) = postSolution
		SolutionGuid = {73E07285-0C34-4094-A6BA-9A0DA984344D}
	EndGlobalSection
EndGlobal
